
Microsoft Visual Studio Solution File, Format Version 12.00
# Visual Studio 15
VisualStudioVersion = 15.0.28307.572
MinimumVisualStudioVersion = 10.0.40219.1
Project("{FAE04EC0-301F-11D3-BF4B-00C04F79EFBC}") = "HomeWork24_06_19", "HomeWork24_06_19\HomeWork24_06_19.csproj", "{AFADAD3F-D905-4920-A3E9-B901795CB5EC}"
EndProject
Global
	GlobalSection(SolutionConfigurationPlatforms) = preSolution
		Debug|Any CPU = Debug|Any CPU
		Release|Any CPU = Release|Any CPU
	EndGlobalSection
	GlobalSection(ProjectConfigurationPlatforms) = postSolution
		{AFADAD3F-D905-4920-A3E9-B901795CB5EC}.Debug|Any CPU.ActiveCfg = Debug|Any CPU
		{AFADAD3F-D905-4920-A3E9-B901795CB5EC}.Debug|Any CPU.Build.0 = Debug|Any CPU
		{AFADAD3F-D905-4920-A3E9-B901795CB5EC}.Release|Any CPU.ActiveCfg = Release|Any CPU
		{AFADAD3F-D905-4920-A3E9-B901795CB5EC}.Release|Any CPU.Build.0 = Release|Any CPU
	EndGlobalSection
	GlobalSection(SolutionProperties) = preSolution
		HideSolutionNode = FALSE
	EndGlobalSection
	GlobalSection(ExtensibilityGlobals) = postSolution
		SolutionGuid = {A6B96BEC-3C2A-4C65-B141-0DD11E8AC83D}
	EndGlobalSection
EndGlobal
